
Microsoft Visual Studio Solution File, Format Version 12.00
# Visual Studio Version 17
VisualStudioVersion = 17.0.31903.59
MinimumVisualStudioVersion = 10.0.40219.1
Project("{2150E333-8FDC-42A3-9474-1A3956D46DE8}") = "src", "src", "{827E0CD3-B72D-47B6-A68D-7590B98EB39B}"
EndProject
Project("{FAE04EC0-301F-11D3-BF4B-00C04F79EFBC}") = "GameCore.Domain", "src\GameCore.Domain\GameCore.Domain.csproj", "{F4DC399D-495B-4AAB-AE86-65E7128F3BAD}"
EndProject
Project("{FAE04EC0-301F-11D3-BF4B-00C04F79EFBC}") = "GameCore.Infrastructure", "src\GameCore.Infrastructure\GameCore.Infrastructure.csproj", "{602698AF-C06C-4B84-8B99-849DB1CA43E8}"
EndProject
Project("{FAE04EC0-301F-11D3-BF4B-00C04F79EFBC}") = "GameCore.Api", "src\GameCore.Api\GameCore.Api.csproj", "{3507748A-435E-47EF-9FAB-6E537656DB4D}"
EndProject
Project("{FAE04EC0-301F-11D3-BF4B-00C04F79EFBC}") = "GameCore.Mvc", "src\GameCore.Mvc\GameCore.Mvc.csproj", "{C7C225F7-CFA2-416C-A3D3-41F8B799F57B}"
EndProject
Project("{FAE04EC0-301F-11D3-BF4B-00C04F79EFBC}") = "GameCore.Shared", "src\GameCore.Shared\GameCore.Shared.csproj", "{D2B741D0-83FD-444E-A86A-2AC59EFBAE4F}"
EndProject
Project("{FAE04EC0-301F-11D3-BF4B-00C04F79EFBC}") = "GameCore.Application", "src\GameCore.Application\GameCore.Application.csproj", "{F5DFE7EC-6899-4D60-AC00-B404176F640F}"
EndProject
Project("{FAE04EC0-301F-11D3-BF4B-00C04F79EFBC}") = "GameCore.Web", "src\GameCore.Web\GameCore.Web.csproj", "{0515ABA1-FED3-48A1-A8E3-B985DBC2B9EF}"
EndProject
Project("{2150E333-8FDC-42A3-9474-1A3956D46DE8}") = "tests", "tests", "{0AB3BF05-4346-4AA6-1389-037BE0695223}"
EndProject
Project("{FAE04EC0-301F-11D3-BF4B-00C04F79EFBC}") = "GameCore.Tests", "tests\GameCore.Tests\GameCore.Tests.csproj", "{416FC8ED-0D70-41CE-989A-FE19D961B372}"
EndProject
Global
	GlobalSection(SolutionConfigurationPlatforms) = preSolution
		Debug|Any CPU = Debug|Any CPU
		Debug|x64 = Debug|x64
		Debug|x86 = Debug|x86
		Release|Any CPU = Release|Any CPU
		Release|x64 = Release|x64
		Release|x86 = Release|x86
	EndGlobalSection
	GlobalSection(ProjectConfigurationPlatforms) = postSolution
		{F4DC399D-495B-4AAB-AE86-65E7128F3BAD}.Debug|Any CPU.ActiveCfg = Debug|Any CPU
		{F4DC399D-495B-4AAB-AE86-65E7128F3BAD}.Debug|Any CPU.Build.0 = Debug|Any CPU
		{F4DC399D-495B-4AAB-AE86-65E7128F3BAD}.Debug|x64.ActiveCfg = Debug|Any CPU
		{F4DC399D-495B-4AAB-AE86-65E7128F3BAD}.Debug|x64.Build.0 = Debug|Any CPU
		{F4DC399D-495B-4AAB-AE86-65E7128F3BAD}.Debug|x86.ActiveCfg = Debug|Any CPU
		{F4DC399D-495B-4AAB-AE86-65E7128F3BAD}.Debug|x86.Build.0 = Debug|Any CPU
		{F4DC399D-495B-4AAB-AE86-65E7128F3BAD}.Release|Any CPU.ActiveCfg = Release|Any CPU
		{F4DC399D-495B-4AAB-AE86-65E7128F3BAD}.Release|Any CPU.Build.0 = Release|Any CPU
		{F4DC399D-495B-4AAB-AE86-65E7128F3BAD}.Release|x64.ActiveCfg = Release|Any CPU
		{F4DC399D-495B-4AAB-AE86-65E7128F3BAD}.Release|x64.Build.0 = Release|Any CPU
		{F4DC399D-495B-4AAB-AE86-65E7128F3BAD}.Release|x86.ActiveCfg = Release|Any CPU
		{F4DC399D-495B-4AAB-AE86-65E7128F3BAD}.Release|x86.Build.0 = Release|Any CPU
		{602698AF-C06C-4B84-8B99-849DB1CA43E8}.Debug|Any CPU.ActiveCfg = Debug|Any CPU
		{602698AF-C06C-4B84-8B99-849DB1CA43E8}.Debug|Any CPU.Build.0 = Debug|Any CPU
		{602698AF-C06C-4B84-8B99-849DB1CA43E8}.Debug|x64.ActiveCfg = Debug|Any CPU
		{602698AF-C06C-4B84-8B99-849DB1CA43E8}.Debug|x64.Build.0 = Debug|Any CPU
		{602698AF-C06C-4B84-8B99-849DB1CA43E8}.Debug|x86.ActiveCfg = Debug|Any CPU
		{602698AF-C06C-4B84-8B99-849DB1CA43E8}.Debug|x86.Build.0 = Debug|Any CPU
		{602698AF-C06C-4B84-8B99-849DB1CA43E8}.Release|Any CPU.ActiveCfg = Release|Any CPU
		{602698AF-C06C-4B84-8B99-849DB1CA43E8}.Release|Any CPU.Build.0 = Release|Any CPU
		{602698AF-C06C-4B84-8B99-849DB1CA43E8}.Release|x64.ActiveCfg = Release|Any CPU
		{602698AF-C06C-4B84-8B99-849DB1CA43E8}.Release|x64.Build.0 = Release|Any CPU
		{602698AF-C06C-4B84-8B99-849DB1CA43E8}.Release|x86.ActiveCfg = Release|Any CPU
		{602698AF-C06C-4B84-8B99-849DB1CA43E8}.Release|x86.Build.0 = Release|Any CPU
		{3507748A-435E-47EF-9FAB-6E537656DB4D}.Debug|Any CPU.ActiveCfg = Debug|Any CPU
		{3507748A-435E-47EF-9FAB-6E537656DB4D}.Debug|Any CPU.Build.0 = Debug|Any CPU
		{3507748A-435E-47EF-9FAB-6E537656DB4D}.Debug|x64.ActiveCfg = Debug|Any CPU
		{3507748A-435E-47EF-9FAB-6E537656DB4D}.Debug|x64.Build.0 = Debug|Any CPU
		{3507748A-435E-47EF-9FAB-6E537656DB4D}.Debug|x86.ActiveCfg = Debug|Any CPU
		{3507748A-435E-47EF-9FAB-6E537656DB4D}.Debug|x86.Build.0 = Debug|Any CPU
		{3507748A-435E-47EF-9FAB-6E537656DB4D}.Release|Any CPU.ActiveCfg = Release|Any CPU
		{3507748A-435E-47EF-9FAB-6E537656DB4D}.Release|Any CPU.Build.0 = Release|Any CPU
		{3507748A-435E-47EF-9FAB-6E537656DB4D}.Release|x64.ActiveCfg = Release|Any CPU
		{3507748A-435E-47EF-9FAB-6E537656DB4D}.Release|x64.Build.0 = Release|Any CPU
		{3507748A-435E-47EF-9FAB-6E537656DB4D}.Release|x86.ActiveCfg = Release|Any CPU
		{3507748A-435E-47EF-9FAB-6E537656DB4D}.Release|x86.Build.0 = Release|Any CPU
		{C7C225F7-CFA2-416C-A3D3-41F8B799F57B}.Debug|Any CPU.ActiveCfg = Debug|Any CPU
		{C7C225F7-CFA2-416C-A3D3-41F8B799F57B}.Debug|Any CPU.Build.0 = Debug|Any CPU
		{C7C225F7-CFA2-416C-A3D3-41F8B799F57B}.Debug|x64.ActiveCfg = Debug|Any CPU
		{C7C225F7-CFA2-416C-A3D3-41F8B799F57B}.Debug|x64.Build.0 = Debug|Any CPU
		{C7C225F7-CFA2-416C-A3D3-41F8B799F57B}.Debug|x86.ActiveCfg = Debug|Any CPU
		{C7C225F7-CFA2-416C-A3D3-41F8B799F57B}.Debug|x86.Build.0 = Debug|Any CPU
		{C7C225F7-CFA2-416C-A3D3-41F8B799F57B}.Release|Any CPU.ActiveCfg = Release|Any CPU
		{C7C225F7-CFA2-416C-A3D3-41F8B799F57B}.Release|Any CPU.Build.0 = Release|Any CPU
		{C7C225F7-CFA2-416C-A3D3-41F8B799F57B}.Release|x64.ActiveCfg = Release|Any CPU
		{C7C225F7-CFA2-416C-A3D3-41F8B799F57B}.Release|x64.Build.0 = Release|Any CPU
		{C7C225F7-CFA2-416C-A3D3-41F8B799F57B}.Release|x86.ActiveCfg = Release|Any CPU
		{C7C225F7-CFA2-416C-A3D3-41F8B799F57B}.Release|x86.Build.0 = Release|Any CPU
		{D2B741D0-83FD-444E-A86A-2AC59EFBAE4F}.Debug|Any CPU.ActiveCfg = Debug|Any CPU
		{D2B741D0-83FD-444E-A86A-2AC59EFBAE4F}.Debug|Any CPU.Build.0 = Debug|Any CPU
		{D2B741D0-83FD-444E-A86A-2AC59EFBAE4F}.Debug|x64.ActiveCfg = Debug|Any CPU
		{D2B741D0-83FD-444E-A86A-2AC59EFBAE4F}.Debug|x64.Build.0 = Debug|Any CPU
		{D2B741D0-83FD-444E-A86A-2AC59EFBAE4F}.Debug|x86.ActiveCfg = Debug|Any CPU
		{D2B741D0-83FD-444E-A86A-2AC59EFBAE4F}.Debug|x86.Build.0 = Debug|Any CPU
		{D2B741D0-83FD-444E-A86A-2AC59EFBAE4F}.Release|Any CPU.ActiveCfg = Release|Any CPU
		{D2B741D0-83FD-444E-A86A-2AC59EFBAE4F}.Release|Any CPU.Build.0 = Release|Any CPU
		{D2B741D0-83FD-444E-A86A-2AC59EFBAE4F}.Release|x64.ActiveCfg = Release|Any CPU
		{D2B741D0-83FD-444E-A86A-2AC59EFBAE4F}.Release|x64.Build.0 = Release|Any CPU
		{D2B741D0-83FD-444E-A86A-2AC59EFBAE4F}.Release|x86.ActiveCfg = Release|Any CPU
		{D2B741D0-83FD-444E-A86A-2AC59EFBAE4F}.Release|x86.Build.0 = Release|Any CPU
		{F5DFE7EC-6899-4D60-AC00-B404176F640F}.Debug|Any CPU.ActiveCfg = Debug|Any CPU
		{F5DFE7EC-6899-4D60-AC00-B404176F640F}.Debug|Any CPU.Build.0 = Debug|Any CPU
		{F5DFE7EC-6899-4D60-AC00-B404176F640F}.Debug|x64.ActiveCfg = Debug|Any CPU
		{F5DFE7EC-6899-4D60-AC00-B404176F640F}.Debug|x64.Build.0 = Debug|Any CPU
		{F5DFE7EC-6899-4D60-AC00-B404176F640F}.Debug|x86.ActiveCfg = Debug|Any CPU
		{F5DFE7EC-6899-4D60-AC00-B404176F640F}.Debug|x86.Build.0 = Debug|Any CPU
		{F5DFE7EC-6899-4D60-AC00-B404176F640F}.Release|Any CPU.ActiveCfg = Release|Any CPU
		{F5DFE7EC-6899-4D60-AC00-B404176F640F}.Release|Any CPU.Build.0 = Release|Any CPU
		{F5DFE7EC-6899-4D60-AC00-B404176F640F}.Release|x64.ActiveCfg = Release|Any CPU
		{F5DFE7EC-6899-4D60-AC00-B404176F640F}.Release|x64.Build.0 = Release|Any CPU
		{F5DFE7EC-6899-4D60-AC00-B404176F640F}.Release|x86.ActiveCfg = Release|Any CPU
		{F5DFE7EC-6899-4D60-AC00-B404176F640F}.Release|x86.Build.0 = Release|Any CPU
		{0515ABA1-FED3-48A1-A8E3-B985DBC2B9EF}.Debug|Any CPU.ActiveCfg = Debug|Any CPU
		{0515ABA1-FED3-48A1-A8E3-B985DBC2B9EF}.Debug|Any CPU.Build.0 = Debug|Any CPU
		{0515ABA1-FED3-48A1-A8E3-B985DBC2B9EF}.Debug|x64.ActiveCfg = Debug|Any CPU
		{0515ABA1-FED3-48A1-A8E3-B985DBC2B9EF}.Debug|x64.Build.0 = Debug|Any CPU
		{0515ABA1-FED3-48A1-A8E3-B985DBC2B9EF}.Debug|x86.ActiveCfg = Debug|Any CPU
		{0515ABA1-FED3-48A1-A8E3-B985DBC2B9EF}.Debug|x86.Build.0 = Debug|Any CPU
		{0515ABA1-FED3-48A1-A8E3-B985DBC2B9EF}.Release|Any CPU.ActiveCfg = Release|Any CPU
		{0515ABA1-FED3-48A1-A8E3-B985DBC2B9EF}.Release|Any CPU.Build.0 = Release|Any CPU
		{0515ABA1-FED3-48A1-A8E3-B985DBC2B9EF}.Release|x64.ActiveCfg = Release|Any CPU
		{0515ABA1-FED3-48A1-A8E3-B985DBC2B9EF}.Release|x64.Build.0 = Release|Any CPU
		{0515ABA1-FED3-48A1-A8E3-B985DBC2B9EF}.Release|x86.ActiveCfg = Release|Any CPU
		{0515ABA1-FED3-48A1-A8E3-B985DBC2B9EF}.Release|x86.Build.0 = Release|Any CPU
		{416FC8ED-0D70-41CE-989A-FE19D961B372}.Debug|Any CPU.ActiveCfg = Debug|Any CPU
		{416FC8ED-0D70-41CE-989A-FE19D961B372}.Debug|Any CPU.Build.0 = Debug|Any CPU
		{416FC8ED-0D70-41CE-989A-FE19D961B372}.Debug|x64.ActiveCfg = Debug|Any CPU
		{416FC8ED-0D70-41CE-989A-FE19D961B372}.Debug|x64.Build.0 = Debug|Any CPU
		{416FC8ED-0D70-41CE-989A-FE19D961B372}.Debug|x86.ActiveCfg = Debug|Any CPU
		{416FC8ED-0D70-41CE-989A-FE19D961B372}.Debug|x86.Build.0 = Debug|Any CPU
		{416FC8ED-0D70-41CE-989A-FE19D961B372}.Release|Any CPU.ActiveCfg = Release|Any CPU
		{416FC8ED-0D70-41CE-989A-FE19D961B372}.Release|Any CPU.Build.0 = Release|Any CPU
		{416FC8ED-0D70-41CE-989A-FE19D961B372}.Release|x64.ActiveCfg = Release|Any CPU
		{416FC8ED-0D70-41CE-989A-FE19D961B372}.Release|x64.Build.0 = Release|Any CPU
		{416FC8ED-0D70-41CE-989A-FE19D961B372}.Release|x86.ActiveCfg = Release|Any CPU
		{416FC8ED-0D70-41CE-989A-FE19D961B372}.Release|x86.Build.0 = Release|Any CPU
	EndGlobalSection
	GlobalSection(SolutionProperties) = preSolution
		HideSolutionNode = FALSE
	EndGlobalSection
	GlobalSection(NestedProjects) = preSolution
		{F4DC399D-495B-4AAB-AE86-65E7128F3BAD} = {827E0CD3-B72D-47B6-A68D-7590B98EB39B}
		{602698AF-C06C-4B84-8B99-849DB1CA43E8} = {827E0CD3-B72D-47B6-A68D-7590B98EB39B}
		{3507748A-435E-47EF-9FAB-6E537656DB4D} = {827E0CD3-B72D-47B6-A68D-7590B98EB39B}
		{C7C225F7-CFA2-416C-A3D3-41F8B799F57B} = {827E0CD3-B72D-47B6-A68D-7590B98EB39B}
		{D2B741D0-83FD-444E-A86A-2AC59EFBAE4F} = {827E0CD3-B72D-47B6-A68D-7590B98EB39B}
		{F5DFE7EC-6899-4D60-AC00-B404176F640F} = {827E0CD3-B72D-47B6-A68D-7590B98EB39B}
		{0515ABA1-FED3-48A1-A8E3-B985DBC2B9EF} = {827E0CD3-B72D-47B6-A68D-7590B98EB39B}
		{416FC8ED-0D70-41CE-989A-FE19D961B372} = {0AB3BF05-4346-4AA6-1389-037BE0695223}
	EndGlobalSection
EndGlobal
